
Microsoft Visual Studio Solution File, Format Version 12.00
# Visual Studio 2013
VisualStudioVersion = 12.0.30324.0
MinimumVisualStudioVersion = 10.0.40219.1
Project("{FAE04EC0-301F-11D3-BF4B-00C04F79EFBC}") = "AGC.Library", "AGC.Library\AGC.Library.csproj", "{E558E2CF-6465-4710-A885-E0DC81C0994E}"
EndProject
Project("{FAE04EC0-301F-11D3-BF4B-00C04F79EFBC}") = "AGC.Test", "AGC.Test\AGC.Test.csproj", "{4215AD1E-BCA8-4EFD-9755-13C0B46784FE}"
EndProject
Project("{FAE04EC0-301F-11D3-BF4B-00C04F79EFBC}") = "AGC.GUI", "AGC.GUI\AGC.GUI.csproj", "{87DC1365-206E-4E3B-B8C7-A63BB1EBEAE4}"
EndProject
Project("{930C7802-8A8C-48F9-8165-68863BCCD9DD}") = "AGC.Installer.App", "Installer\AGC.Installer.App\AGC.Installer.App.wixproj", "{EC5D276E-BAD6-4757-8370-25EC1002944C}"
EndProject
Project("{2150E333-8FDC-42A3-9474-1A3956D46DE8}") = "Installer", "Installer", "{56529D4D-3EA4-4E13-90BA-D6D5DCF86D10}"
EndProject
Global
	GlobalSection(SolutionConfigurationPlatforms) = preSolution
		Debug|Any CPU = Debug|Any CPU
		Debug|Mixed Platforms = Debug|Mixed Platforms
		Debug|x86 = Debug|x86
		Release|Any CPU = Release|Any CPU
		Release|Mixed Platforms = Release|Mixed Platforms
		Release|x86 = Release|x86
	EndGlobalSection
	GlobalSection(ProjectConfigurationPlatforms) = postSolution
		{E558E2CF-6465-4710-A885-E0DC81C0994E}.Debug|Any CPU.ActiveCfg = Debug|Any CPU
		{E558E2CF-6465-4710-A885-E0DC81C0994E}.Debug|Any CPU.Build.0 = Debug|Any CPU
		{E558E2CF-6465-4710-A885-E0DC81C0994E}.Debug|Mixed Platforms.ActiveCfg = Debug|Any CPU
		{E558E2CF-6465-4710-A885-E0DC81C0994E}.Debug|Mixed Platforms.Build.0 = Debug|Any CPU
		{E558E2CF-6465-4710-A885-E0DC81C0994E}.Debug|x86.ActiveCfg = Debug|Any CPU
		{E558E2CF-6465-4710-A885-E0DC81C0994E}.Release|Any CPU.ActiveCfg = Release|Any CPU
		{E558E2CF-6465-4710-A885-E0DC81C0994E}.Release|Any CPU.Build.0 = Release|Any CPU
		{E558E2CF-6465-4710-A885-E0DC81C0994E}.Release|Mixed Platforms.ActiveCfg = Release|Any CPU
		{E558E2CF-6465-4710-A885-E0DC81C0994E}.Release|Mixed Platforms.Build.0 = Release|Any CPU
		{E558E2CF-6465-4710-A885-E0DC81C0994E}.Release|x86.ActiveCfg = Release|Any CPU
		{4215AD1E-BCA8-4EFD-9755-13C0B46784FE}.Debug|Any CPU.ActiveCfg = Debug|Any CPU
		{4215AD1E-BCA8-4EFD-9755-13C0B46784FE}.Debug|Any CPU.Build.0 = Debug|Any CPU
		{4215AD1E-BCA8-4EFD-9755-13C0B46784FE}.Debug|Mixed Platforms.ActiveCfg = Debug|Any CPU
		{4215AD1E-BCA8-4EFD-9755-13C0B46784FE}.Debug|Mixed Platforms.Build.0 = Debug|Any CPU
		{4215AD1E-BCA8-4EFD-9755-13C0B46784FE}.Debug|x86.ActiveCfg = Debug|Any CPU
		{4215AD1E-BCA8-4EFD-9755-13C0B46784FE}.Release|Any CPU.ActiveCfg = Release|Any CPU
		{4215AD1E-BCA8-4EFD-9755-13C0B46784FE}.Release|Any CPU.Build.0 = Release|Any CPU
		{4215AD1E-BCA8-4EFD-9755-13C0B46784FE}.Release|Mixed Platforms.ActiveCfg = Release|Any CPU
		{4215AD1E-BCA8-4EFD-9755-13C0B46784FE}.Release|Mixed Platforms.Build.0 = Release|Any CPU
		{4215AD1E-BCA8-4EFD-9755-13C0B46784FE}.Release|x86.ActiveCfg = Release|Any CPU
		{87DC1365-206E-4E3B-B8C7-A63BB1EBEAE4}.Debug|Any CPU.ActiveCfg = Debug|Any CPU
		{87DC1365-206E-4E3B-B8C7-A63BB1EBEAE4}.Debug|Any CPU.Build.0 = Debug|Any CPU
		{87DC1365-206E-4E3B-B8C7-A63BB1EBEAE4}.Debug|Mixed Platforms.ActiveCfg = Debug|Any CPU
		{87DC1365-206E-4E3B-B8C7-A63BB1EBEAE4}.Debug|Mixed Platforms.Build.0 = Debug|Any CPU
		{87DC1365-206E-4E3B-B8C7-A63BB1EBEAE4}.Debug|x86.ActiveCfg = Debug|Any CPU
		{87DC1365-206E-4E3B-B8C7-A63BB1EBEAE4}.Release|Any CPU.ActiveCfg = Release|Any CPU
		{87DC1365-206E-4E3B-B8C7-A63BB1EBEAE4}.Release|Any CPU.Build.0 = Release|Any CPU
		{87DC1365-206E-4E3B-B8C7-A63BB1EBEAE4}.Release|Mixed Platforms.ActiveCfg = Release|Any CPU
		{87DC1365-206E-4E3B-B8C7-A63BB1EBEAE4}.Release|Mixed Platforms.Build.0 = Release|Any CPU
		{87DC1365-206E-4E3B-B8C7-A63BB1EBEAE4}.Release|x86.ActiveCfg = Release|Any CPU
		{EC5D276E-BAD6-4757-8370-25EC1002944C}.Debug|Any CPU.ActiveCfg = Debug|x86
		{EC5D276E-BAD6-4757-8370-25EC1002944C}.Debug|Mixed Platforms.ActiveCfg = Debug|x86
		{EC5D276E-BAD6-4757-8370-25EC1002944C}.Debug|Mixed Platforms.Build.0 = Debug|x86
		{EC5D276E-BAD6-4757-8370-25EC1002944C}.Debug|x86.ActiveCfg = Debug|x86
		{EC5D276E-BAD6-4757-8370-25EC1002944C}.Debug|x86.Build.0 = Debug|x86
		{EC5D276E-BAD6-4757-8370-25EC1002944C}.Release|Any CPU.ActiveCfg = Release|x86
		{EC5D276E-BAD6-4757-8370-25EC1002944C}.Release|Mixed Platforms.ActiveCfg = Release|x86
		{EC5D276E-BAD6-4757-8370-25EC1002944C}.Release|Mixed Platforms.Build.0 = Release|x86
		{EC5D276E-BAD6-4757-8370-25EC1002944C}.Release|x86.ActiveCfg = Release|x86
		{EC5D276E-BAD6-4757-8370-25EC1002944C}.Release|x86.Build.0 = Release|x86
	EndGlobalSection
	GlobalSection(SolutionProperties) = preSolution
		HideSolutionNode = FALSE
	EndGlobalSection
	GlobalSection(NestedProjects) = preSolution
		{EC5D276E-BAD6-4757-8370-25EC1002944C} = {56529D4D-3EA4-4E13-90BA-D6D5DCF86D10}
	EndGlobalSection
EndGlobal
